// !$*UTF8*$!
{
	archiveVersion = 1;
	classes = {
	};
	objectVersion = 50;
	objects = {

/* Begin PBXBuildFile section */
		F81B3D1026DDDAE500AE200F /* AppDelegate.swift in Sources */ = {isa = PBXBuildFile; fileRef = F81B3D0F26DDDAE500AE200F /* AppDelegate.swift */; };
		F81B3D1226DDDAE500AE200F /* SceneDelegate.swift in Sources */ = {isa = PBXBuildFile; fileRef = F81B3D1126DDDAE500AE200F /* SceneDelegate.swift */; };
		F81B3D1426DDDAE500AE200F /* ViewController.swift in Sources */ = {isa = PBXBuildFile; fileRef = F81B3D1326DDDAE500AE200F /* ViewController.swift */; };
		F81B3D1726DDDAE500AE200F /* Main.storyboard in Resources */ = {isa = PBXBuildFile; fileRef = F81B3D1526DDDAE500AE200F /* Main.storyboard */; };
		F81B3D1926DDDAED00AE200F /* Assets.xcassets in Resources */ = {isa = PBXBuildFile; fileRef = F81B3D1826DDDAED00AE200F /* Assets.xcassets */; };
		F81B3D1C26DDDAED00AE200F /* LaunchScreen.storyboard in Resources */ = {isa = PBXBuildFile; fileRef = F81B3D1A26DDDAED00AE200F /* LaunchScreen.storyboard */; };
		F81B3D2726DDDAED00AE200F /* PreworkTests.swift in Sources */ = {isa = PBXBuildFile; fileRef = F81B3D2626DDDAED00AE200F /* PreworkTests.swift */; };
		F81B3D3226DDDAED00AE200F /* PreworkUITests.swift in Sources */ = {isa = PBXBuildFile; fileRef = F81B3D3126DDDAED00AE200F /* PreworkUITests.swift */; };
/* End PBXBuildFile section */

/* Begin PBXContainerItemProxy section */
		F81B3D2326DDDAED00AE200F /* PBXContainerItemProxy */ = {
			isa = PBXContainerItemProxy;
			containerPortal = F81B3D0426DDDAE500AE200F /* Project object */;
			proxyType = 1;
			remoteGlobalIDString = F81B3D0B26DDDAE500AE200F;
			remoteInfo = Prework;
		};
		F81B3D2E26DDDAED00AE200F /* PBXContainerItemProxy */ = {
			isa = PBXContainerItemProxy;
			containerPortal = F81B3D0426DDDAE500AE200F /* Project object */;
			proxyType = 1;
			remoteGlobalIDString = F81B3D0B26DDDAE500AE200F;
			remoteInfo = Prework;
		};
/* End PBXContainerItemProxy section */

/* Begin PBXFileReference section */
		F81B3D0C26DDDAE500AE200F /* Prework.app */ = {isa = PBXFileReference; explicitFileType = wrapper.application; includeInIndex = 0; path = Prework.app; sourceTree = BUILT_PRODUCTS_DIR; };
		F81B3D0F26DDDAE500AE200F /* AppDelegate.swift */ = {isa = PBXFileReference; lastKnownFileType = sourcecode.swift; path = AppDelegate.swift; sourceTree = "<group>"; };
		F81B3D1126DDDAE500AE200F /* SceneDelegate.swift */ = {isa = PBXFileReference; lastKnownFileType = sourcecode.swift; path = SceneDelegate.swift; sourceTree = "<group>"; };
		F81B3D1326DDDAE500AE200F /* ViewController.swift */ = {isa = PBXFileReference; lastKnownFileType = sourcecode.swift; path = ViewController.swift; sourceTree = "<group>"; };
		F81B3D1626DDDAE500AE200F /* Base */ = {isa = PBXFileReference; lastKnownFileType = file.storyboard; name = Base; path = Base.lproj/Main.storyboard; sourceTree = "<group>"; };
		F81B3D1826DDDAED00AE200F /* Assets.xcassets */ = {isa = PBXFileReference; lastKnownFileType = folder.assetcatalog; path = Assets.xcassets; sourceTree = "<group>"; };
		F81B3D1B26DDDAED00AE200F /* Base */ = {isa = PBXFileReference; lastKnownFileType = file.storyboard; name = Base; path = Base.lproj/LaunchScreen.storyboard; sourceTree = "<group>"; };
		F81B3D1D26DDDAED00AE200F /* Info.plist */ = {isa = PBXFileReference; lastKnownFileType = text.plist.xml; path = Info.plist; sourceTree = "<group>"; };
		F81B3D2226DDDAED00AE200F /* PreworkTests.xctest */ = {isa = PBXFileReference; explicitFileType = wrapper.cfbundle; includeInIndex = 0; path = PreworkTests.xctest; sourceTree = BUILT_PRODUCTS_DIR; };
		F81B3D2626DDDAED00AE200F /* PreworkTests.swift */ = {isa = PBXFileReference; lastKnownFileType = sourcecode.swift; path = PreworkTests.swift; sourceTree = "<group>"; };
		F81B3D2826DDDAED00AE200F /* Info.plist */ = {isa = PBXFileReference; lastKnownFileType = text.plist.xml; path = Info.plist; sourceTree = "<group>"; };
		F81B3D2D26DDDAED00AE200F /* PreworkUITests.xctest */ = {isa = PBXFileReference; explicitFileType = wrapper.cfbundle; includeInIndex = 0; path = PreworkUITests.xctest; sourceTree = BUILT_PRODUCTS_DIR; };
		F81B3D3126DDDAED00AE200F /* PreworkUITests.swift */ = {isa = PBXFileReference; lastKnownFileType = sourcecode.swift; path = PreworkUITests.swift; sourceTree = "<group>"; };
		F81B3D3326DDDAED00AE200F /* Info.plist */ = {isa = PBXFileReference; lastKnownFileType = text.plist.xml; path = Info.plist; sourceTree = "<group>"; };
/* End PBXFileReference section */

/* Begin PBXFrameworksBuildPhase section */
		F81B3D0926DDDAE500AE200F /* Frameworks */ = {
			isa = PBXFrameworksBuildPhase;
			buildActionMask = 2147483647;
			files = (
			);
			runOnlyForDeploymentPostprocessing = 0;
		};
		F81B3D1F26DDDAED00AE200F /* Frameworks */ = {
			isa = PBXFrameworksBuildPhase;
			buildActionMask = 2147483647;
			files = (
			);
			runOnlyForDeploymentPostprocessing = 0;
		};
		F81B3D2A26DDDAED00AE200F /* Frameworks */ = {
			isa = PBXFrameworksBuildPhase;
			buildActionMask = 2147483647;
			files = (
			);
			runOnlyForDeploymentPostprocessing = 0;
		};
/* End PBXFrameworksBuildPhase section */

/* Begin PBXGroup section */
		F81B3D0326DDDAE500AE200F = {
			isa = PBXGroup;
			children = (
				F81B3D0E26DDDAE500AE200F /* Prework */,
				F81B3D2526DDDAED00AE200F /* PreworkTests */,
				F81B3D3026DDDAED00AE200F /* PreworkUITests */,
				F81B3D0D26DDDAE500AE200F /* Products */,
			);
			sourceTree = "<group>";
		};
		F81B3D0D26DDDAE500AE200F /* Products */ = {
			isa = PBXGroup;
			children = (
				F81B3D0C26DDDAE500AE200F /* Prework.app */,
				F81B3D2226DDDAED00AE200F /* PreworkTests.xctest */,
				F81B3D2D26DDDAED00AE200F /* PreworkUITests.xctest */,
			);
			name = Products;
			sourceTree = "<group>";
		};
		F81B3D0E26DDDAE500AE200F /* Prework */ = {
			isa = PBXGroup;
			children = (
				F81B3D0F26DDDAE500AE200F /* AppDelegate.swift */,
				F81B3D1126DDDAE500AE200F /* SceneDelegate.swift */,
				F81B3D1326DDDAE500AE200F /* ViewController.swift */,
				F81B3D1526DDDAE500AE200F /* Main.storyboard */,
				F81B3D1826DDDAED00AE200F /* Assets.xcassets */,
				F81B3D1A26DDDAED00AE200F /* LaunchScreen.storyboard */,
				F81B3D1D26DDDAED00AE200F /* Info.plist */,
			);
			path = Prework;
			sourceTree = "<group>";
		};
		F81B3D2526DDDAED00AE200F /* PreworkTests */ = {
			isa = PBXGroup;
			children = (
				F81B3D2626DDDAED00AE200F /* PreworkTests.swift */,
				F81B3D2826DDDAED00AE200F /* Info.plist */,
			);
			path = PreworkTests;
			sourceTree = "<group>";
		};
		F81B3D3026DDDAED00AE200F /* PreworkUITests */ = {
			isa = PBXGroup;
			children = (
				F81B3D3126DDDAED00AE200F /* PreworkUITests.swift */,
				F81B3D3326DDDAED00AE200F /* Info.plist */,
			);
			path = PreworkUITests;
			sourceTree = "<group>";
		};
/* End PBXGroup section */

/* Begin PBXNativeTarget section */
		F81B3D0B26DDDAE500AE200F /* Prework */ = {
			isa = PBXNativeTarget;
			buildConfigurationList = F81B3D3626DDDAED00AE200F /* Build configuration list for PBXNativeTarget "Prework" */;
			buildPhases = (
				F81B3D0826DDDAE500AE200F /* Sources */,
				F81B3D0926DDDAE500AE200F /* Frameworks */,
				F81B3D0A26DDDAE500AE200F /* Resources */,
			);
			buildRules = (
			);
			dependencies = (
			);
			name = Prework;
			productName = Prework;
			productReference = F81B3D0C26DDDAE500AE200F /* Prework.app */;
			productType = "com.apple.product-type.application";
		};
		F81B3D2126DDDAED00AE200F /* PreworkTests */ = {
			isa = PBXNativeTarget;
			buildConfigurationList = F81B3D3926DDDAED00AE200F /* Build configuration list for PBXNativeTarget "PreworkTests" */;
			buildPhases = (
				F81B3D1E26DDDAED00AE200F /* Sources */,
				F81B3D1F26DDDAED00AE200F /* Frameworks */,
				F81B3D2026DDDAED00AE200F /* Resources */,
			);
			buildRules = (
			);
			dependencies = (
				F81B3D2426DDDAED00AE200F /* PBXTargetDependency */,
			);
			name = PreworkTests;
			productName = PreworkTests;
			productReference = F81B3D2226DDDAED00AE200F /* PreworkTests.xctest */;
			productType = "com.apple.product-type.bundle.unit-test";
		};
		F81B3D2C26DDDAED00AE200F /* PreworkUITests */ = {
			isa = PBXNativeTarget;
			buildConfigurationList = F81B3D3C26DDDAED00AE200F /* Build configuration list for PBXNativeTarget "PreworkUITests" */;
			buildPhases = (
				F81B3D2926DDDAED00AE200F /* Sources */,
				F81B3D2A26DDDAED00AE200F /* Frameworks */,
				F81B3D2B26DDDAED00AE200F /* Resources */,
			);
			buildRules = (
			);
			dependencies = (
				F81B3D2F26DDDAED00AE200F /* PBXTargetDependency */,
			);
			name = PreworkUITests;
			productName = PreworkUITests;
			productReference = F81B3D2D26DDDAED00AE200F /* PreworkUITests.xctest */;
			productType = "com.apple.product-type.bundle.ui-testing";
		};
/* End PBXNativeTarget section */

/* Begin PBXProject section */
		F81B3D0426DDDAE500AE200F /* Project object */ = {
			isa = PBXProject;
			attributes = {
				LastSwiftUpdateCheck = 1250;
				LastUpgradeCheck = 1250;
				TargetAttributes = {
					F81B3D0B26DDDAE500AE200F = {
						CreatedOnToolsVersion = 12.5.1;
					};
					F81B3D2126DDDAED00AE200F = {
						CreatedOnToolsVersion = 12.5.1;
						TestTargetID = F81B3D0B26DDDAE500AE200F;
					};
					F81B3D2C26DDDAED00AE200F = {
						CreatedOnToolsVersion = 12.5.1;
						TestTargetID = F81B3D0B26DDDAE500AE200F;
					};
				};
			};
			buildConfigurationList = F81B3D0726DDDAE500AE200F /* Build configuration list for PBXProject "Prework" */;
			compatibilityVersion = "Xcode 9.3";
			developmentRegion = en;
			hasScannedForEncodings = 0;
			knownRegions = (
				en,
				Base,
			);
			mainGroup = F81B3D0326DDDAE500AE200F;
			productRefGroup = F81B3D0D26DDDAE500AE200F /* Products */;
			projectDirPath = "";
			projectRoot = "";
			targets = (
				F81B3D0B26DDDAE500AE200F /* Prework */,
				F81B3D2126DDDAED00AE200F /* PreworkTests */,
				F81B3D2C26DDDAED00AE200F /* PreworkUITests */,
			);
		};
/* End PBXProject section */

/* Begin PBXResourcesBuildPhase section */
		F81B3D0A26DDDAE500AE200F /* Resources */ = {
			isa = PBXResourcesBuildPhase;
			buildActionMask = 2147483647;
			files = (
				F81B3D1C26DDDAED00AE200F /* LaunchScreen.storyboard in Resources */,
				F81B3D1926DDDAED00AE200F /* Assets.xcassets in Resources */,
				F81B3D1726DDDAE500AE200F /* Main.storyboard in Resources */,
			);
			runOnlyForDeploymentPostprocessing = 0;
		};
		F81B3D2026DDDAED00AE200F /* Resources */ = {
			isa = PBXResourcesBuildPhase;
			buildActionMask = 2147483647;
			files = (
			);
			runOnlyForDeploymentPostprocessing = 0;
		};
		F81B3D2B26DDDAED00AE200F /* Resources */ = {
			isa = PBXResourcesBuildPhase;
			buildActionMask = 2147483647;
			files = (
			);
			runOnlyForDeploymentPostprocessing = 0;
		};
/* End PBXResourcesBuildPhase section */

/* Begin PBXSourcesBuildPhase section */
		F81B3D0826DDDAE500AE200F /* Sources */ = {
			isa = PBXSourcesBuildPhase;
			buildActionMask = 2147483647;
			files = (
				F81B3D1426DDDAE500AE200F /* ViewController.swift in Sources */,
				F81B3D1026DDDAE500AE200F /* AppDelegate.swift in Sources */,
				F81B3D1226DDDAE500AE200F /* SceneDelegate.swift in Sources */,
			);
			runOnlyForDeploymentPostprocessing = 0;
		};
		F81B3D1E26DDDAED00AE200F /* Sources */ = {
			isa = PBXSourcesBuildPhase;
			buildActionMask = 2147483647;
			files = (
				F81B3D2726DDDAED00AE200F /* PreworkTests.swift in Sources */,
			);
			runOnlyForDeploymentPostprocessing = 0;
		};
		F81B3D2926DDDAED00AE200F /* Sources */ = {
			isa = PBXSourcesBuildPhase;
			buildActionMask = 2147483647;
			files = (
				F81B3D3226DDDAED00AE200F /* PreworkUITests.swift in Sources */,
			);
			runOnlyForDeploymentPostprocessing = 0;
		};
/* End PBXSourcesBuildPhase section */

/* Begin PBXTargetDependency section */
		F81B3D2426DDDAED00AE200F /* PBXTargetDependency */ = {
			isa = PBXTargetDependency;
			target = F81B3D0B26DDDAE500AE200F /* Prework */;
			targetProxy = F81B3D2326DDDAED00AE200F /* PBXContainerItemProxy */;
		};
		F81B3D2F26DDDAED00AE200F /* PBXTargetDependency */ = {
			isa = PBXTargetDependency;
			target = F81B3D0B26DDDAE500AE200F /* Prework */;
			targetProxy = F81B3D2E26DDDAED00AE200F /* PBXContainerItemProxy */;
		};
/* End PBXTargetDependency section */

/* Begin PBXVariantGroup section */
		F81B3D1526DDDAE500AE200F /* Main.storyboard */ = {
			isa = PBXVariantGroup;
			children = (
				F81B3D1626DDDAE500AE200F /* Base */,
			);
			name = Main.storyboard;
			sourceTree = "<group>";
		};
		F81B3D1A26DDDAED00AE200F /* LaunchScreen.storyboard */ = {
			isa = PBXVariantGroup;
			children = (
				F81B3D1B26DDDAED00AE200F /* Base */,
			);
			name = LaunchScreen.storyboard;
			sourceTree = "<group>";
		};
/* End PBXVariantGroup section */

/* Begin XCBuildConfiguration section */
		F81B3D3426DDDAED00AE200F /* Debug */ = {
			isa = XCBuildConfiguration;
			buildSettings = {
				ALWAYS_SEARCH_USER_PATHS = NO;
				CLANG_ANALYZER_NONNULL = YES;
				CLANG_ANALYZER_NUMBER_OBJECT_CONVERSION = YES_AGGRESSIVE;
				CLANG_CXX_LANGUAGE_STANDARD = "gnu++14";
				CLANG_CXX_LIBRARY = "libc++";
				CLANG_ENABLE_MODULES = YES;
				CLANG_ENABLE_OBJC_ARC = YES;
				CLANG_ENABLE_OBJC_WEAK = YES;
				CLANG_WARN_BLOCK_CAPTURE_AUTORELEASING = YES;
				CLANG_WARN_BOOL_CONVERSION = YES;
				CLANG_WARN_COMMA = YES;
				CLANG_WARN_CONSTANT_CONVERSION = YES;
				CLANG_WARN_DEPRECATED_OBJC_IMPLEMENTATIONS = YES;
				CLANG_WARN_DIRECT_OBJC_ISA_USAGE = YES_ERROR;
				CLANG_WARN_DOCUMENTATION_COMMENTS = YES;
				CLANG_WARN_EMPTY_BODY = YES;
				CLANG_WARN_ENUM_CONVERSION = YES;
				CLANG_WARN_INFINITE_RECURSION = YES;
				CLANG_WARN_INT_CONVERSION = YES;
				CLANG_WARN_NON_LITERAL_NULL_CONVERSION = YES;
				CLANG_WARN_OBJC_IMPLICIT_RETAIN_SELF = YES;
				CLANG_WARN_OBJC_LITERAL_CONVERSION = YES;
				CLANG_WARN_OBJC_ROOT_CLASS = YES_ERROR;
				CLANG_WARN_QUOTED_INCLUDE_IN_FRAMEWORK_HEADER = YES;
				CLANG_WARN_RANGE_LOOP_ANALYSIS = YES;
				CLANG_WARN_STRICT_PROTOTYPES = YES;
				CLANG_WARN_SUSPICIOUS_MOVE = YES;
				CLANG_WARN_UNGUARDED_AVAILABILITY = YES_AGGRESSIVE;
				CLANG_WARN_UNREACHABLE_CODE = YES;
				CLANG_WARN__DUPLICATE_METHOD_MATCH = YES;
				COPY_PHASE_STRIP = NO;
				DEBUG_INFORMATION_FORMAT = dwarf;
				ENABLE_STRICT_OBJC_MSGSEND = YES;
				ENABLE_TESTABILITY = YES;
				GCC_C_LANGUAGE_STANDARD = gnu11;
				GCC_DYNAMIC_NO_PIC = NO;
				GCC_NO_COMMON_BLOCKS = YES;
				GCC_OPTIMIZATION_LEVEL = 0;
				GCC_PREPROCESSOR_DEFINITIONS = (
					"DEBUG=1",
					"$(inherited)",
				);
				GCC_WARN_64_TO_32_BIT_CONVERSION = YES;
				GCC_WARN_ABOUT_RETURN_TYPE = YES_ERROR;
				GCC_WARN_UNDECLARED_SELECTOR = YES;
				GCC_WARN_UNINITIALIZED_AUTOS = YES_AGGRESSIVE;
				GCC_WARN_UNUSED_FUNCTION = YES;
				GCC_WARN_UNUSED_VARIABLE = YES;
				IPHONEOS_DEPLOYMENT_TARGET = 14.5;
				MTL_ENABLE_DEBUG_INFO = INCLUDE_SOURCE;
				MTL_FAST_MATH = YES;
				ONLY_ACTIVE_ARCH = YES;
				SDKROOT = iphoneos;
				SWIFT_ACTIVE_COMPILATION_CONDITIONS = DEBUG;
				SWIFT_OPTIMIZATION_LEVEL = "-Onone";
			};
			name = Debug;
		};
		F81B3D3526DDDAED00AE200F /* Release */ = {
			isa = XCBuildConfiguration;
			buildSettings = {
				ALWAYS_SEARCH_USER_PATHS = NO;
				CLANG_ANALYZER_NONNULL = YES;
				CLANG_ANALYZER_NUMBER_OBJECT_CONVERSION = YES_AGGRESSIVE;
				CLANG_CXX_LANGUAGE_STANDARD = "gnu++14";
				CLANG_CXX_LIBRARY = "libc++";
				CLANG_ENABLE_MODULES = YES;
				CLANG_ENABLE_OBJC_ARC = YES;
				CLANG_ENABLE_OBJC_WEAK = YES;
				CLANG_WARN_BLOCK_CAPTURE_AUTORELEASING = YES;
				CLANG_WARN_BOOL_CONVERSION = YES;
				CLANG_WARN_COMMA = YES;
				CLANG_WARN_CONSTANT_CONVERSION = YES;
				CLANG_WARN_DEPRECATED_OBJC_IMPLEMENTATIONS = YES;
				CLANG_WARN_DIRECT_OBJC_ISA_USAGE = YES_ERROR;
				CLANG_WARN_DOCUMENTATION_COMMENTS = YES;
				CLANG_WARN_EMPTY_BODY = YES;
				CLANG_WARN_ENUM_CONVERSION = YES;
				CLANG_WARN_INFINITE_RECURSION = YES;
				CLANG_WARN_INT_CONVERSION = YES;
				CLANG_WARN_NON_LITERAL_NULL_CONVERSION = YES;
				CLANG_WARN_OBJC_IMPLICIT_RETAIN_SELF = YES;
				CLANG_WARN_OBJC_LITERAL_CONVERSION = YES;
				CLANG_WARN_OBJC_ROOT_CLASS = YES_ERROR;
				CLANG_WARN_QUOTED_INCLUDE_IN_FRAMEWORK_HEADER = YES;
				CLANG_WARN_RANGE_LOOP_ANALYSIS = YES;
				CLANG_WARN_STRICT_PROTOTYPES = YES;
				CLANG_WARN_SUSPICIOUS_MOVE = YES;
				CLANG_WARN_UNGUARDED_AVAILABILITY = YES_AGGRESSIVE;
				CLANG_WARN_UNREACHABLE_CODE = YES;
				CLANG_WARN__DUPLICATE_METHOD_MATCH = YES;
				COPY_PHASE_STRIP = NO;
				DEBUG_INFORMATION_FORMAT = "dwarf-with-dsym";
				ENABLE_NS_ASSERTIONS = NO;
				ENABLE_STRICT_OBJC_MSGSEND = YES;
				GCC_C_LANGUAGE_STANDARD = gnu11;
				GCC_NO_COMMON_BLOCKS = YES;
				GCC_WARN_64_TO_32_BIT_CONVERSION = YES;
				GCC_WARN_ABOUT_RETURN_TYPE = YES_ERROR;
				GCC_WARN_UNDECLARED_SELECTOR = YES;
				GCC_WARN_UNINITIALIZED_AUTOS = YES_AGGRESSIVE;
				GCC_WARN_UNUSED_FUNCTION = YES;
				GCC_WARN_UNUSED_VARIABLE = YES;
				IPHONEOS_DEPLOYMENT_TARGET = 14.5;
				MTL_ENABLE_DEBUG_INFO = NO;
				MTL_FAST_MATH = YES;
				SDKROOT = iphoneos;
				SWIFT_COMPILATION_MODE = wholemodule;
				SWIFT_OPTIMIZATION_LEVEL = "-O";
				VALIDATE_PRODUCT = YES;
			};
			name = Release;
		};
		F81B3D3726DDDAED00AE200F /* Debug */ = {
			isa = XCBuildConfiguration;
			buildSettings = {
				ASSETCATALOG_COMPILER_APPICON_NAME = AppIcon;
				ASSETCATALOG_COMPILER_GLOBAL_ACCENT_COLOR_NAME = AccentColor;
				CODE_SIGN_STYLE = Automatic;
				INFOPLIST_FILE = Prework/Info.plist;
				LD_RUNPATH_SEARCH_PATHS = (
					"$(inherited)",
					"@executable_path/Frameworks",
				);
				PRODUCT_BUNDLE_IDENTIFIER = memo.com.Prework;
				PRODUCT_NAME = "$(TARGET_NAME)";
				SWIFT_VERSION = 5.0;
				TARGETED_DEVICE_FAMILY = "1,2";
			};
			name = Debug;
		};
		F81B3D3826DDDAED00AE200F /* Release */ = {
			isa = XCBuildConfiguration;
			buildSettings = {
				ASSETCATALOG_COMPILER_APPICON_NAME = AppIcon;
				ASSETCATALOG_COMPILER_GLOBAL_ACCENT_COLOR_NAME = AccentColor;
				CODE_SIGN_STYLE = Automatic;
				INFOPLIST_FILE = Prework/Info.plist;
				LD_RUNPATH_SEARCH_PATHS = (
					"$(inherited)",
					"@executable_path/Frameworks",
				);
				PRODUCT_BUNDLE_IDENTIFIER = memo.com.Prework;
				PRODUCT_NAME = "$(TARGET_NAME)";
				SWIFT_VERSION = 5.0;
				TARGETED_DEVICE_FAMILY = "1,2";
			};
			name = Release;
		};
		F81B3D3A26DDDAED00AE200F /* Debug */ = {
			isa = XCBuildConfiguration;
			buildSettings = {
				ALWAYS_EMBED_SWIFT_STANDARD_LIBRARIES = YES;
				BUNDLE_LOADER = "$(TEST_HOST)";
				CODE_SIGN_STYLE = Automatic;
				INFOPLIST_FILE = PreworkTests/Info.plist;
				IPHONEOS_DEPLOYMENT_TARGET = 14.5;
				LD_RUNPATH_SEARCH_PATHS = (
					"$(inherited)",
					"@executable_path/Frameworks",
					"@loader_path/Frameworks",
				);
				PRODUCT_BUNDLE_IDENTIFIER = memo.com.PreworkTests;
				PRODUCT_NAME = "$(TARGET_NAME)";
				SWIFT_VERSION = 5.0;
				TARGETED_DEVICE_FAMILY = "1,2";
				TEST_HOST = "$(BUILT_PRODUCTS_DIR)/Prework.app/Prework";
			};
			name = Debug;
		};
		F81B3D3B26DDDAED00AE200F /* Release */ = {
			isa = XCBuildConfiguration;
			buildSettings = {
				ALWAYS_EMBED_SWIFT_STANDARD_LIBRARIES = YES;
				BUNDLE_LOADER = "$(TEST_HOST)";
				CODE_SIGN_STYLE = Automatic;
				INFOPLIST_FILE = PreworkTests/Info.plist;
				IPHONEOS_DEPLOYMENT_TARGET = 14.5;
				LD_RUNPATH_SEARCH_PATHS = (
					"$(inherited)",
					"@executable_path/Frameworks",
					"@loader_path/Frameworks",
				);
				PRODUCT_BUNDLE_IDENTIFIER = memo.com.PreworkTests;
				PRODUCT_NAME = "$(TARGET_NAME)";
				SWIFT_VERSION = 5.0;
				TARGETED_DEVICE_FAMILY = "1,2";
				TEST_HOST = "$(BUILT_PRODUCTS_DIR)/Prework.app/Prework";
			};
			name = Release;
		};
		F81B3D3D26DDDAED00AE200F /* Debug */ = {
			isa = XCBuildConfiguration;
			buildSettings = {
				ALWAYS_EMBED_SWIFT_STANDARD_LIBRARIES = YES;
				CODE_SIGN_STYLE = Automatic;
				INFOPLIST_FILE = PreworkUITests/Info.plist;
				LD_RUNPATH_SEARCH_PATHS = (
					"$(inherited)",
					"@executable_path/Frameworks",
					"@loader_path/Frameworks",
				);
				PRODUCT_BUNDLE_IDENTIFIER = memo.com.PreworkUITests;
				PRODUCT_NAME = "$(TARGET_NAME)";
				SWIFT_VERSION = 5.0;
				TARGETED_DEVICE_FAMILY = "1,2";
				TEST_TARGET_NAME = Prework;
			};
			name = Debug;
		};
		F81B3D3E26DDDAED00AE200F /* Release */ = {
			isa = XCBuildConfiguration;
			buildSettings = {
				ALWAYS_EMBED_SWIFT_STANDARD_LIBRARIES = YES;
				CODE_SIGN_STYLE = Automatic;
				INFOPLIST_FILE = PreworkUITests/Info.plist;
				LD_RUNPATH_SEARCH_PATHS = (
					"$(inherited)",
					"@executable_path/Frameworks",
					"@loader_path/Frameworks",
				);
				PRODUCT_BUNDLE_IDENTIFIER = memo.com.PreworkUITests;
				PRODUCT_NAME = "$(TARGET_NAME)";
				SWIFT_VERSION = 5.0;
				TARGETED_DEVICE_FAMILY = "1,2";
				TEST_TARGET_NAME = Prework;
			};
			name = Release;
		};
/* End XCBuildConfiguration section */

/* Begin XCConfigurationList section */
		F81B3D0726DDDAE500AE200F /* Build configuration list for PBXProject "Prework" */ = {
			isa = XCConfigurationList;
			buildConfigurations = (
				F81B3D3426DDDAED00AE200F /* Debug */,
				F81B3D3526DDDAED00AE200F /* Release */,
			);
			defaultConfigurationIsVisible = 0;
			defaultConfigurationName = Release;
		};
		F81B3D3626DDDAED00AE200F /* Build configuration list for PBXNativeTarget "Prework" */ = {
			isa = XCConfigurationList;
			buildConfigurations = (
				F81B3D3726DDDAED00AE200F /* Debug */,
				F81B3D3826DDDAED00AE200F /* Release */,
			);
			defaultConfigurationIsVisible = 0;
			defaultConfigurationName = Release;
		};
		F81B3D3926DDDAED00AE200F /* Build configuration list for PBXNativeTarget "PreworkTests" */ = {
			isa = XCConfigurationList;
			buildConfigurations = (
				F81B3D3A26DDDAED00AE200F /* Debug */,
				F81B3D3B26DDDAED00AE200F /* Release */,
			);
			defaultConfigurationIsVisible = 0;
			defaultConfigurationName = Release;
		};
		F81B3D3C26DDDAED00AE200F /* Build configuration list for PBXNativeTarget "PreworkUITests" */ = {
			isa = XCConfigurationList;
			buildConfigurations = (
				F81B3D3D26DDDAED00AE200F /* Debug */,
				F81B3D3E26DDDAED00AE200F /* Release */,
			);
			defaultConfigurationIsVisible = 0;
			defaultConfigurationName = Release;
		};
/* End XCConfigurationList section */
	};
	rootObject = F81B3D0426DDDAE500AE200F /* Project object */;
}
